# THIS IS AN AUTOGENERATED FILE. DO NOT EDIT THIS FILE DIRECTLY.
# yarn lockfile v1


mdb-ui-kit@^6.4.2:
  version "6.4.2"
  resolved "https://registry.yarnpkg.com/mdb-ui-kit/-/mdb-ui-kit-6.4.2.tgz#80c7edf0f2d98a5fe3f05fcc06fc089f253604b8"
  integrity sha512-EqFT7YxkTdBDMjk1OSyu90pXeTzTF1/2AwRJPj76CH9ORb4/nPvjfmbx6jBjlExIRXtcQNxqMq2wSi1i8ERvbw==
